// !$*UTF8*$!
{
	archiveVersion = 1;
	classes = {
	};
	objectVersion = 55;
	objects = {

/* Begin PBXBuildFile section */
		CC1C185F28913D29002469EA /* Onboarding.storyboard in Resources */ = {isa = PBXBuildFile; fileRef = CC1C185E28913D28002469EA /* Onboarding.storyboard */; };
		CC1C1865289686FD002469EA /* WalkthroughPageViewController.swift in Sources */ = {isa = PBXBuildFile; fileRef = CC1C1864289686FD002469EA /* WalkthroughPageViewController.swift */; };
		CC1C186928969368002469EA /* WalkthroughViewController.swift in Sources */ = {isa = PBXBuildFile; fileRef = CC1C186828969368002469EA /* WalkthroughViewController.swift */; };
		CC1C186B2896987E002469EA /* WalkthroughContentViewController.swift in Sources */ = {isa = PBXBuildFile; fileRef = CC1C186A2896987E002469EA /* WalkthroughContentViewController.swift */; };
		CC277FC728533665007C3352 /* MapKit.framework in Frameworks */ = {isa = PBXBuildFile; fileRef = CC277FC628533665007C3352 /* MapKit.framework */; };
		CC277FC92853495D007C3352 /* RestaurantDetailSeparatorCell.swift in Sources */ = {isa = PBXBuildFile; fileRef = CC277FC82853495D007C3352 /* RestaurantDetailSeparatorCell.swift */; };
		CC277FCB28534ED4007C3352 /* RestaurantDetailMapCell.swift in Sources */ = {isa = PBXBuildFile; fileRef = CC277FCA28534ED4007C3352 /* RestaurantDetailMapCell.swift */; };
		CC670A5728506F2F000F0E21 /* RestaurantDetailHeaderView.swift in Sources */ = {isa = PBXBuildFile; fileRef = CC670A5628506F2F000F0E21 /* RestaurantDetailHeaderView.swift */; };
		CC670A59285091CA000F0E21 /* RestaurantDetailIconTextCell.swift in Sources */ = {isa = PBXBuildFile; fileRef = CC670A58285091CA000F0E21 /* RestaurantDetailIconTextCell.swift */; };
		CC670A5B28509454000F0E21 /* RestaurantDetailTextCell.swift in Sources */ = {isa = PBXBuildFile; fileRef = CC670A5A28509454000F0E21 /* RestaurantDetailTextCell.swift */; };
		CC670A712851C388000F0E21 /* Rubik-VariableFont_wght.ttf in Resources */ = {isa = PBXBuildFile; fileRef = CC670A5E2851C388000F0E21 /* Rubik-VariableFont_wght.ttf */; };
		CC670A722851C388000F0E21 /* Rubik-Italic-VariableFont_wght.ttf in Resources */ = {isa = PBXBuildFile; fileRef = CC670A5F2851C388000F0E21 /* Rubik-Italic-VariableFont_wght.ttf */; };
		CC670A732851C388000F0E21 /* Rubik-MediumItalic.ttf in Resources */ = {isa = PBXBuildFile; fileRef = CC670A612851C388000F0E21 /* Rubik-MediumItalic.ttf */; };
		CC670A742851C388000F0E21 /* Rubik-Bold.ttf in Resources */ = {isa = PBXBuildFile; fileRef = CC670A622851C388000F0E21 /* Rubik-Bold.ttf */; };
		CC670A752851C388000F0E21 /* Rubik-SemiBoldItalic.ttf in Resources */ = {isa = PBXBuildFile; fileRef = CC670A632851C388000F0E21 /* Rubik-SemiBoldItalic.ttf */; };
		CC670A762851C388000F0E21 /* Rubik-Light.ttf in Resources */ = {isa = PBXBuildFile; fileRef = CC670A642851C388000F0E21 /* Rubik-Light.ttf */; };
		CC670A772851C388000F0E21 /* Rubik-Medium.ttf in Resources */ = {isa = PBXBuildFile; fileRef = CC670A652851C388000F0E21 /* Rubik-Medium.ttf */; };
		CC670A782851C388000F0E21 /* Rubik-ExtraBoldItalic.ttf in Resources */ = {isa = PBXBuildFile; fileRef = CC670A662851C388000F0E21 /* Rubik-ExtraBoldItalic.ttf */; };
		CC670A792851C388000F0E21 /* Rubik-Black.ttf in Resources */ = {isa = PBXBuildFile; fileRef = CC670A672851C388000F0E21 /* Rubik-Black.ttf */; };
		CC670A7A2851C388000F0E21 /* Rubik-Italic.ttf in Resources */ = {isa = PBXBuildFile; fileRef = CC670A682851C388000F0E21 /* Rubik-Italic.ttf */; };
		CC670A7B2851C388000F0E21 /* Rubik-LightItalic.ttf in Resources */ = {isa = PBXBuildFile; fileRef = CC670A692851C388000F0E21 /* Rubik-LightItalic.ttf */; };
		CC670A7C2851C388000F0E21 /* Rubik-SemiBold.ttf in Resources */ = {isa = PBXBuildFile; fileRef = CC670A6A2851C388000F0E21 /* Rubik-SemiBold.ttf */; };
		CC670A7D2851C388000F0E21 /* Rubik-BlackItalic.ttf in Resources */ = {isa = PBXBuildFile; fileRef = CC670A6B2851C388000F0E21 /* Rubik-BlackItalic.ttf */; };
		CC670A7E2851C388000F0E21 /* Rubik-ExtraBold.ttf in Resources */ = {isa = PBXBuildFile; fileRef = CC670A6C2851C388000F0E21 /* Rubik-ExtraBold.ttf */; };
		CC670A7F2851C388000F0E21 /* Rubik-Regular.ttf in Resources */ = {isa = PBXBuildFile; fileRef = CC670A6D2851C388000F0E21 /* Rubik-Regular.ttf */; };
		CC670A802851C388000F0E21 /* Rubik-BoldItalic.ttf in Resources */ = {isa = PBXBuildFile; fileRef = CC670A6E2851C388000F0E21 /* Rubik-BoldItalic.ttf */; };
		CC670A812851C388000F0E21 /* OFL.txt in Resources */ = {isa = PBXBuildFile; fileRef = CC670A6F2851C388000F0E21 /* OFL.txt */; };
		CC670A822851C388000F0E21 /* README.txt in Resources */ = {isa = PBXBuildFile; fileRef = CC670A702851C388000F0E21 /* README.txt */; };
		CC670A85285200D9000F0E21 /* UIColor+Ext.swift in Sources */ = {isa = PBXBuildFile; fileRef = CC670A84285200D9000F0E21 /* UIColor+Ext.swift */; };
		CC670A8728524DB8000F0E21 /* UINavigationController+Ext.swift in Sources */ = {isa = PBXBuildFile; fileRef = CC670A8628524DB8000F0E21 /* UINavigationController+Ext.swift */; };
		CC70962B2845CB9E00C696D7 /* AppDelegate.swift in Sources */ = {isa = PBXBuildFile; fileRef = CC70962A2845CB9E00C696D7 /* AppDelegate.swift */; };
		CC70962D2845CB9E00C696D7 /* SceneDelegate.swift in Sources */ = {isa = PBXBuildFile; fileRef = CC70962C2845CB9E00C696D7 /* SceneDelegate.swift */; };
		CC7096322845CB9E00C696D7 /* Main.storyboard in Resources */ = {isa = PBXBuildFile; fileRef = CC7096302845CB9E00C696D7 /* Main.storyboard */; };
		CC7096342845CBA200C696D7 /* Assets.xcassets in Resources */ = {isa = PBXBuildFile; fileRef = CC7096332845CBA200C696D7 /* Assets.xcassets */; };
		CC7096372845CBA200C696D7 /* LaunchScreen.storyboard in Resources */ = {isa = PBXBuildFile; fileRef = CC7096352845CBA200C696D7 /* LaunchScreen.storyboard */; };
		CC70963F2845DF1E00C696D7 /* RestaurantTableViewCell.swift in Sources */ = {isa = PBXBuildFile; fileRef = CC70963E2845DF1E00C696D7 /* RestaurantTableViewCell.swift */; };
		CC7096412845E0E800C696D7 /* RestaurantTableViewController.swift in Sources */ = {isa = PBXBuildFile; fileRef = CC7096402845E0E800C696D7 /* RestaurantTableViewController.swift */; };
		CC709643284894CC00C696D7 /* RestaurantDetailViewController.swift in Sources */ = {isa = PBXBuildFile; fileRef = CC709642284894CC00C696D7 /* RestaurantDetailViewController.swift */; };
		CC7096452848BFB100C696D7 /* Restaurant.swift in Sources */ = {isa = PBXBuildFile; fileRef = CC7096442848BFB100C696D7 /* Restaurant.swift */; };
		CC716C54286D985B003D39D5 /* ReviewViewController.swift in Sources */ = {isa = PBXBuildFile; fileRef = CC716C53286D985B003D39D5 /* ReviewViewController.swift */; };
		CC716C562877BD49003D39D5 /* RoundedTextField.swift in Sources */ = {isa = PBXBuildFile; fileRef = CC716C552877BD49003D39D5 /* RoundedTextField.swift */; };
		CC716C582877F781003D39D5 /* NewRestaurantController.swift in Sources */ = {isa = PBXBuildFile; fileRef = CC716C572877F781003D39D5 /* NewRestaurantController.swift */; };
		CCBEFDF72858881C00E87482 /* MapViewController.swift in Sources */ = {isa = PBXBuildFile; fileRef = CCBEFDF62858881C00E87482 /* MapViewController.swift */; };
		CCF91A90287D2B60003BE75D /* Foodie.xcdatamodeld in Sources */ = {isa = PBXBuildFile; fileRef = CCF91A8E287D2B60003BE75D /* Foodie.xcdatamodeld */; };
/* End PBXBuildFile section */

/* Begin PBXFileReference section */
		CC1C185E28913D28002469EA /* Onboarding.storyboard */ = {isa = PBXFileReference; lastKnownFileType = file.storyboard; path = Onboarding.storyboard; sourceTree = "<group>"; };
		CC1C1864289686FD002469EA /* WalkthroughPageViewController.swift */ = {isa = PBXFileReference; lastKnownFileType = sourcecode.swift; path = WalkthroughPageViewController.swift; sourceTree = "<group>"; };
		CC1C186828969368002469EA /* WalkthroughViewController.swift */ = {isa = PBXFileReference; lastKnownFileType = sourcecode.swift; path = WalkthroughViewController.swift; sourceTree = "<group>"; };
		CC1C186A2896987E002469EA /* WalkthroughContentViewController.swift */ = {isa = PBXFileReference; lastKnownFileType = sourcecode.swift; path = WalkthroughContentViewController.swift; sourceTree = "<group>"; };
		CC277FC628533665007C3352 /* MapKit.framework */ = {isa = PBXFileReference; lastKnownFileType = wrapper.framework; name = MapKit.framework; path = System/Library/Frameworks/MapKit.framework; sourceTree = SDKROOT; };
		CC277FC82853495D007C3352 /* RestaurantDetailSeparatorCell.swift */ = {isa = PBXFileReference; lastKnownFileType = sourcecode.swift; path = RestaurantDetailSeparatorCell.swift; sourceTree = "<group>"; };
		CC277FCA28534ED4007C3352 /* RestaurantDetailMapCell.swift */ = {isa = PBXFileReference; lastKnownFileType = sourcecode.swift; path = RestaurantDetailMapCell.swift; sourceTree = "<group>"; };
		CC670A5628506F2F000F0E21 /* RestaurantDetailHeaderView.swift */ = {isa = PBXFileReference; lastKnownFileType = sourcecode.swift; path = RestaurantDetailHeaderView.swift; sourceTree = "<group>"; };
		CC670A58285091CA000F0E21 /* RestaurantDetailIconTextCell.swift */ = {isa = PBXFileReference; lastKnownFileType = sourcecode.swift; path = RestaurantDetailIconTextCell.swift; sourceTree = "<group>"; };
		CC670A5A28509454000F0E21 /* RestaurantDetailTextCell.swift */ = {isa = PBXFileReference; lastKnownFileType = sourcecode.swift; path = RestaurantDetailTextCell.swift; sourceTree = "<group>"; };
		CC670A5E2851C388000F0E21 /* Rubik-VariableFont_wght.ttf */ = {isa = PBXFileReference; lastKnownFileType = file; path = "Rubik-VariableFont_wght.ttf"; sourceTree = "<group>"; };
		CC670A5F2851C388000F0E21 /* Rubik-Italic-VariableFont_wght.ttf */ = {isa = PBXFileReference; lastKnownFileType = file; path = "Rubik-Italic-VariableFont_wght.ttf"; sourceTree = "<group>"; };
		CC670A612851C388000F0E21 /* Rubik-MediumItalic.ttf */ = {isa = PBXFileReference; lastKnownFileType = file; path = "Rubik-MediumItalic.ttf"; sourceTree = "<group>"; };
		CC670A622851C388000F0E21 /* Rubik-Bold.ttf */ = {isa = PBXFileReference; lastKnownFileType = file; path = "Rubik-Bold.ttf"; sourceTree = "<group>"; };
		CC670A632851C388000F0E21 /* Rubik-SemiBoldItalic.ttf */ = {isa = PBXFileReference; lastKnownFileType = file; path = "Rubik-SemiBoldItalic.ttf"; sourceTree = "<group>"; };
		CC670A642851C388000F0E21 /* Rubik-Light.ttf */ = {isa = PBXFileReference; lastKnownFileType = file; path = "Rubik-Light.ttf"; sourceTree = "<group>"; };
		CC670A652851C388000F0E21 /* Rubik-Medium.ttf */ = {isa = PBXFileReference; lastKnownFileType = file; path = "Rubik-Medium.ttf"; sourceTree = "<group>"; };
		CC670A662851C388000F0E21 /* Rubik-ExtraBoldItalic.ttf */ = {isa = PBXFileReference; lastKnownFileType = file; path = "Rubik-ExtraBoldItalic.ttf"; sourceTree = "<group>"; };
		CC670A672851C388000F0E21 /* Rubik-Black.ttf */ = {isa = PBXFileReference; lastKnownFileType = file; path = "Rubik-Black.ttf"; sourceTree = "<group>"; };
		CC670A682851C388000F0E21 /* Rubik-Italic.ttf */ = {isa = PBXFileReference; lastKnownFileType = file; path = "Rubik-Italic.ttf"; sourceTree = "<group>"; };
		CC670A692851C388000F0E21 /* Rubik-LightItalic.ttf */ = {isa = PBXFileReference; lastKnownFileType = file; path = "Rubik-LightItalic.ttf"; sourceTree = "<group>"; };
		CC670A6A2851C388000F0E21 /* Rubik-SemiBold.ttf */ = {isa = PBXFileReference; lastKnownFileType = file; path = "Rubik-SemiBold.ttf"; sourceTree = "<group>"; };
		CC670A6B2851C388000F0E21 /* Rubik-BlackItalic.ttf */ = {isa = PBXFileReference; lastKnownFileType = file; path = "Rubik-BlackItalic.ttf"; sourceTree = "<group>"; };
		CC670A6C2851C388000F0E21 /* Rubik-ExtraBold.ttf */ = {isa = PBXFileReference; lastKnownFileType = file; path = "Rubik-ExtraBold.ttf"; sourceTree = "<group>"; };
		CC670A6D2851C388000F0E21 /* Rubik-Regular.ttf */ = {isa = PBXFileReference; lastKnownFileType = file; path = "Rubik-Regular.ttf"; sourceTree = "<group>"; };
		CC670A6E2851C388000F0E21 /* Rubik-BoldItalic.ttf */ = {isa = PBXFileReference; lastKnownFileType = file; path = "Rubik-BoldItalic.ttf"; sourceTree = "<group>"; };
		CC670A6F2851C388000F0E21 /* OFL.txt */ = {isa = PBXFileReference; fileEncoding = 4; lastKnownFileType = text; path = OFL.txt; sourceTree = "<group>"; };
		CC670A702851C388000F0E21 /* README.txt */ = {isa = PBXFileReference; fileEncoding = 4; lastKnownFileType = text; path = README.txt; sourceTree = "<group>"; };
		CC670A84285200D9000F0E21 /* UIColor+Ext.swift */ = {isa = PBXFileReference; lastKnownFileType = sourcecode.swift; path = "UIColor+Ext.swift"; sourceTree = "<group>"; };
		CC670A8628524DB8000F0E21 /* UINavigationController+Ext.swift */ = {isa = PBXFileReference; lastKnownFileType = sourcecode.swift; path = "UINavigationController+Ext.swift"; sourceTree = "<group>"; };
		CC7096272845CB9E00C696D7 /* Foodie.app */ = {isa = PBXFileReference; explicitFileType = wrapper.application; includeInIndex = 0; path = Foodie.app; sourceTree = BUILT_PRODUCTS_DIR; };
		CC70962A2845CB9E00C696D7 /* AppDelegate.swift */ = {isa = PBXFileReference; lastKnownFileType = sourcecode.swift; path = AppDelegate.swift; sourceTree = "<group>"; };
		CC70962C2845CB9E00C696D7 /* SceneDelegate.swift */ = {isa = PBXFileReference; lastKnownFileType = sourcecode.swift; path = SceneDelegate.swift; sourceTree = "<group>"; };
		CC7096312845CB9E00C696D7 /* Base */ = {isa = PBXFileReference; lastKnownFileType = file.storyboard; name = Base; path = Base.lproj/Main.storyboard; sourceTree = "<group>"; };
		CC7096332845CBA200C696D7 /* Assets.xcassets */ = {isa = PBXFileReference; lastKnownFileType = folder.assetcatalog; path = Assets.xcassets; sourceTree = "<group>"; };
		CC7096362845CBA200C696D7 /* Base */ = {isa = PBXFileReference; lastKnownFileType = file.storyboard; name = Base; path = Base.lproj/LaunchScreen.storyboard; sourceTree = "<group>"; };
		CC7096382845CBA200C696D7 /* Info.plist */ = {isa = PBXFileReference; lastKnownFileType = text.plist.xml; path = Info.plist; sourceTree = "<group>"; };
		CC70963E2845DF1E00C696D7 /* RestaurantTableViewCell.swift */ = {isa = PBXFileReference; lastKnownFileType = sourcecode.swift; path = RestaurantTableViewCell.swift; sourceTree = "<group>"; };
		CC7096402845E0E800C696D7 /* RestaurantTableViewController.swift */ = {isa = PBXFileReference; lastKnownFileType = sourcecode.swift; path = RestaurantTableViewController.swift; sourceTree = "<group>"; };
		CC709642284894CC00C696D7 /* RestaurantDetailViewController.swift */ = {isa = PBXFileReference; lastKnownFileType = sourcecode.swift; path = RestaurantDetailViewController.swift; sourceTree = "<group>"; };
		CC7096442848BFB100C696D7 /* Restaurant.swift */ = {isa = PBXFileReference; lastKnownFileType = sourcecode.swift; path = Restaurant.swift; sourceTree = "<group>"; };
		CC716C53286D985B003D39D5 /* ReviewViewController.swift */ = {isa = PBXFileReference; lastKnownFileType = sourcecode.swift; path = ReviewViewController.swift; sourceTree = "<group>"; };
		CC716C552877BD49003D39D5 /* RoundedTextField.swift */ = {isa = PBXFileReference; lastKnownFileType = sourcecode.swift; path = RoundedTextField.swift; sourceTree = "<group>"; };
		CC716C572877F781003D39D5 /* NewRestaurantController.swift */ = {isa = PBXFileReference; lastKnownFileType = sourcecode.swift; path = NewRestaurantController.swift; sourceTree = "<group>"; };
		CCBEFDF62858881C00E87482 /* MapViewController.swift */ = {isa = PBXFileReference; lastKnownFileType = sourcecode.swift; path = MapViewController.swift; sourceTree = "<group>"; };
		CCF91A8F287D2B60003BE75D /* Foodie.xcdatamodel */ = {isa = PBXFileReference; lastKnownFileType = wrapper.xcdatamodel; path = Foodie.xcdatamodel; sourceTree = "<group>"; };
/* End PBXFileReference section */

/* Begin PBXFrameworksBuildPhase section */
		CC7096242845CB9E00C696D7 /* Frameworks */ = {
			isa = PBXFrameworksBuildPhase;
			buildActionMask = 2147483647;
			files = (
				CC277FC728533665007C3352 /* MapKit.framework in Frameworks */,
			);
			runOnlyForDeploymentPostprocessing = 0;
		};
/* End PBXFrameworksBuildPhase section */

/* Begin PBXGroup section */
		CC277FC528533665007C3352 /* Frameworks */ = {
			isa = PBXGroup;
			children = (
				CC277FC628533665007C3352 /* MapKit.framework */,
			);
			name = Frameworks;
			sourceTree = "<group>";
		};
		CC670A2E2850518E000F0E21 /* Resources */ = {
			isa = PBXGroup;
			children = (
				CC670A5C2851C33E000F0E21 /* Font */,
			);
			path = Resources;
			sourceTree = "<group>";
		};
		CC670A5C2851C33E000F0E21 /* Font */ = {
			isa = PBXGroup;
			children = (
				CC670A5D2851C388000F0E21 /* Rubik */,
			);
			path = Font;
			sourceTree = "<group>";
		};
		CC670A5D2851C388000F0E21 /* Rubik */ = {
			isa = PBXGroup;
			children = (
				CC670A5E2851C388000F0E21 /* Rubik-VariableFont_wght.ttf */,
				CC670A5F2851C388000F0E21 /* Rubik-Italic-VariableFont_wght.ttf */,
				CC670A602851C388000F0E21 /* static */,
				CC670A6F2851C388000F0E21 /* OFL.txt */,
				CC670A702851C388000F0E21 /* README.txt */,
			);
			path = Rubik;
			sourceTree = "<group>";
		};
		CC670A602851C388000F0E21 /* static */ = {
			isa = PBXGroup;
			children = (
				CC670A612851C388000F0E21 /* Rubik-MediumItalic.ttf */,
				CC670A622851C388000F0E21 /* Rubik-Bold.ttf */,
				CC670A632851C388000F0E21 /* Rubik-SemiBoldItalic.ttf */,
				CC670A642851C388000F0E21 /* Rubik-Light.ttf */,
				CC670A652851C388000F0E21 /* Rubik-Medium.ttf */,
				CC670A662851C388000F0E21 /* Rubik-ExtraBoldItalic.ttf */,
				CC670A672851C388000F0E21 /* Rubik-Black.ttf */,
				CC670A682851C388000F0E21 /* Rubik-Italic.ttf */,
				CC670A692851C388000F0E21 /* Rubik-LightItalic.ttf */,
				CC670A6A2851C388000F0E21 /* Rubik-SemiBold.ttf */,
				CC670A6B2851C388000F0E21 /* Rubik-BlackItalic.ttf */,
				CC670A6C2851C388000F0E21 /* Rubik-ExtraBold.ttf */,
				CC670A6D2851C388000F0E21 /* Rubik-Regular.ttf */,
				CC670A6E2851C388000F0E21 /* Rubik-BoldItalic.ttf */,
			);
			path = static;
			sourceTree = "<group>";
		};
		CC670A832851FDD7000F0E21 /* Extensions */ = {
			isa = PBXGroup;
			children = (
				CC670A84285200D9000F0E21 /* UIColor+Ext.swift */,
				CC670A8628524DB8000F0E21 /* UINavigationController+Ext.swift */,
			);
			path = Extensions;
			sourceTree = "<group>";
		};
		CC70961E2845CB9E00C696D7 = {
			isa = PBXGroup;
			children = (
				CC7096292845CB9E00C696D7 /* Foodie */,
				CC7096282845CB9E00C696D7 /* Products */,
				CC277FC528533665007C3352 /* Frameworks */,
			);
			sourceTree = "<group>";
		};
		CC7096282845CB9E00C696D7 /* Products */ = {
			isa = PBXGroup;
			children = (
				CC7096272845CB9E00C696D7 /* Foodie.app */,
			);
			name = Products;
			sourceTree = "<group>";
		};
		CC7096292845CB9E00C696D7 /* Foodie */ = {
			isa = PBXGroup;
			children = (
				CC670A832851FDD7000F0E21 /* Extensions */,
				CC670A2E2850518E000F0E21 /* Resources */,
				CC709647284E444F00C696D7 /* Storyboard */,
				CC709648284E447D00C696D7 /* Model */,
				CC709649284E44AD00C696D7 /* View */,
				CC709646284E437D00C696D7 /* Controller */,
				CC70962A2845CB9E00C696D7 /* AppDelegate.swift */,
				CC70962C2845CB9E00C696D7 /* SceneDelegate.swift */,
				CC7096332845CBA200C696D7 /* Assets.xcassets */,
				CC7096382845CBA200C696D7 /* Info.plist */,
				CCF91A8E287D2B60003BE75D /* Foodie.xcdatamodeld */,
			);
			path = Foodie;
			sourceTree = "<group>";
		};
		CC709646284E437D00C696D7 /* Controller */ = {
			isa = PBXGroup;
			children = (
				CC7096402845E0E800C696D7 /* RestaurantTableViewController.swift */,
				CC709642284894CC00C696D7 /* RestaurantDetailViewController.swift */,
				CCBEFDF62858881C00E87482 /* MapViewController.swift */,
				CC716C53286D985B003D39D5 /* ReviewViewController.swift */,
				CC716C572877F781003D39D5 /* NewRestaurantController.swift */,
				CC1C1864289686FD002469EA /* WalkthroughPageViewController.swift */,
				CC1C186828969368002469EA /* WalkthroughViewController.swift */,
				CC1C186A2896987E002469EA /* WalkthroughContentViewController.swift */,
			);
			path = Controller;
			sourceTree = "<group>";
		};
		CC709647284E444F00C696D7 /* Storyboard */ = {
			isa = PBXGroup;
			children = (
				CC7096302845CB9E00C696D7 /* Main.storyboard */,
				CC7096352845CBA200C696D7 /* LaunchScreen.storyboard */,
				CC1C185E28913D28002469EA /* Onboarding.storyboard */,
			);
			path = Storyboard;
			sourceTree = "<group>";
		};
		CC709648284E447D00C696D7 /* Model */ = {
			isa = PBXGroup;
			children = (
				CC7096442848BFB100C696D7 /* Restaurant.swift */,
			);
			path = Model;
			sourceTree = "<group>";
		};
		CC709649284E44AD00C696D7 /* View */ = {
			isa = PBXGroup;
			children = (
				CC70963E2845DF1E00C696D7 /* RestaurantTableViewCell.swift */,
				CC716C552877BD49003D39D5 /* RoundedTextField.swift */,
				CC670A5628506F2F000F0E21 /* RestaurantDetailHeaderView.swift */,
				CC670A58285091CA000F0E21 /* RestaurantDetailIconTextCell.swift */,
				CC670A5A28509454000F0E21 /* RestaurantDetailTextCell.swift */,
				CC277FC82853495D007C3352 /* RestaurantDetailSeparatorCell.swift */,
				CC277FCA28534ED4007C3352 /* RestaurantDetailMapCell.swift */,
			);
			path = View;
			sourceTree = "<group>";
		};
/* End PBXGroup section */

/* Begin PBXNativeTarget section */
		CC7096262845CB9E00C696D7 /* Foodie */ = {
			isa = PBXNativeTarget;
			buildConfigurationList = CC70963B2845CBA200C696D7 /* Build configuration list for PBXNativeTarget "Foodie" */;
			buildPhases = (
				CC7096232845CB9E00C696D7 /* Sources */,
				CC7096242845CB9E00C696D7 /* Frameworks */,
				CC7096252845CB9E00C696D7 /* Resources */,
			);
			buildRules = (
			);
			dependencies = (
			);
			name = Foodie;
			productName = Foodie;
			productReference = CC7096272845CB9E00C696D7 /* Foodie.app */;
			productType = "com.apple.product-type.application";
		};
/* End PBXNativeTarget section */

/* Begin PBXProject section */
		CC70961F2845CB9E00C696D7 /* Project object */ = {
			isa = PBXProject;
			attributes = {
				BuildIndependentTargetsInParallel = 1;
				LastSwiftUpdateCheck = 1330;
				LastUpgradeCheck = 1330;
				TargetAttributes = {
					CC7096262845CB9E00C696D7 = {
						CreatedOnToolsVersion = 13.3;
					};
				};
			};
			buildConfigurationList = CC7096222845CB9E00C696D7 /* Build configuration list for PBXProject "Foodie" */;
			compatibilityVersion = "Xcode 13.0";
			developmentRegion = en;
			hasScannedForEncodings = 0;
			knownRegions = (
				en,
				Base,
			);
			mainGroup = CC70961E2845CB9E00C696D7;
			productRefGroup = CC7096282845CB9E00C696D7 /* Products */;
			projectDirPath = "";
			projectRoot = "";
			targets = (
				CC7096262845CB9E00C696D7 /* Foodie */,
			);
		};
/* End PBXProject section */

/* Begin PBXResourcesBuildPhase section */
		CC7096252845CB9E00C696D7 /* Resources */ = {
			isa = PBXResourcesBuildPhase;
			buildActionMask = 2147483647;
			files = (
				CC670A722851C388000F0E21 /* Rubik-Italic-VariableFont_wght.ttf in Resources */,
				CC670A732851C388000F0E21 /* Rubik-MediumItalic.ttf in Resources */,
				CC7096372845CBA200C696D7 /* LaunchScreen.storyboard in Resources */,
				CC670A752851C388000F0E21 /* Rubik-SemiBoldItalic.ttf in Resources */,
				CC670A762851C388000F0E21 /* Rubik-Light.ttf in Resources */,
				CC7096342845CBA200C696D7 /* Assets.xcassets in Resources */,
				CC670A792851C388000F0E21 /* Rubik-Black.ttf in Resources */,
				CC670A742851C388000F0E21 /* Rubik-Bold.ttf in Resources */,
				CC670A7E2851C388000F0E21 /* Rubik-ExtraBold.ttf in Resources */,
				CC7096322845CB9E00C696D7 /* Main.storyboard in Resources */,
				CC670A812851C388000F0E21 /* OFL.txt in Resources */,
				CC1C185F28913D29002469EA /* Onboarding.storyboard in Resources */,
				CC670A7B2851C388000F0E21 /* Rubik-LightItalic.ttf in Resources */,
				CC670A712851C388000F0E21 /* Rubik-VariableFont_wght.ttf in Resources */,
				CC670A7A2851C388000F0E21 /* Rubik-Italic.ttf in Resources */,
				CC670A7F2851C388000F0E21 /* Rubik-Regular.ttf in Resources */,
				CC670A7C2851C388000F0E21 /* Rubik-SemiBold.ttf in Resources */,
				CC670A782851C388000F0E21 /* Rubik-ExtraBoldItalic.ttf in Resources */,
				CC670A802851C388000F0E21 /* Rubik-BoldItalic.ttf in Resources */,
				CC670A7D2851C388000F0E21 /* Rubik-BlackItalic.ttf in Resources */,
				CC670A822851C388000F0E21 /* README.txt in Resources */,
				CC670A772851C388000F0E21 /* Rubik-Medium.ttf in Resources */,
			);
			runOnlyForDeploymentPostprocessing = 0;
		};
/* End PBXResourcesBuildPhase section */

/* Begin PBXSourcesBuildPhase section */
		CC7096232845CB9E00C696D7 /* Sources */ = {
			isa = PBXSourcesBuildPhase;
			buildActionMask = 2147483647;
			files = (
				CC670A8728524DB8000F0E21 /* UINavigationController+Ext.swift in Sources */,
				CCF91A90287D2B60003BE75D /* Foodie.xcdatamodeld in Sources */,
				CC1C1865289686FD002469EA /* WalkthroughPageViewController.swift in Sources */,
				CC70963F2845DF1E00C696D7 /* RestaurantTableViewCell.swift in Sources */,
				CC716C582877F781003D39D5 /* NewRestaurantController.swift in Sources */,
				CC716C54286D985B003D39D5 /* ReviewViewController.swift in Sources */,
				CC670A5B28509454000F0E21 /* RestaurantDetailTextCell.swift in Sources */,
				CC7096412845E0E800C696D7 /* RestaurantTableViewController.swift in Sources */,
				CC7096452848BFB100C696D7 /* Restaurant.swift in Sources */,
				CC1C186B2896987E002469EA /* WalkthroughContentViewController.swift in Sources */,
				CC670A5728506F2F000F0E21 /* RestaurantDetailHeaderView.swift in Sources */,
				CC70962B2845CB9E00C696D7 /* AppDelegate.swift in Sources */,
				CC277FC92853495D007C3352 /* RestaurantDetailSeparatorCell.swift in Sources */,
				CC277FCB28534ED4007C3352 /* RestaurantDetailMapCell.swift in Sources */,
				CC709643284894CC00C696D7 /* RestaurantDetailViewController.swift in Sources */,
				CC1C186928969368002469EA /* WalkthroughViewController.swift in Sources */,
				CC716C562877BD49003D39D5 /* RoundedTextField.swift in Sources */,
				CC670A85285200D9000F0E21 /* UIColor+Ext.swift in Sources */,
				CC70962D2845CB9E00C696D7 /* SceneDelegate.swift in Sources */,
				CC670A59285091CA000F0E21 /* RestaurantDetailIconTextCell.swift in Sources */,
				CCBEFDF72858881C00E87482 /* MapViewController.swift in Sources */,
			);
			runOnlyForDeploymentPostprocessing = 0;
		};
/* End PBXSourcesBuildPhase section */

/* Begin PBXVariantGroup section */
		CC7096302845CB9E00C696D7 /* Main.storyboard */ = {
			isa = PBXVariantGroup;
			children = (
				CC7096312845CB9E00C696D7 /* Base */,
			);
			name = Main.storyboard;
			sourceTree = "<group>";
		};
		CC7096352845CBA200C696D7 /* LaunchScreen.storyboard */ = {
			isa = PBXVariantGroup;
			children = (
				CC7096362845CBA200C696D7 /* Base */,
			);
			name = LaunchScreen.storyboard;
			sourceTree = "<group>";
		};
/* End PBXVariantGroup section */

/* Begin XCBuildConfiguration section */
		CC7096392845CBA200C696D7 /* Debug */ = {
			isa = XCBuildConfiguration;
			buildSettings = {
				ALWAYS_SEARCH_USER_PATHS = NO;
				CLANG_ANALYZER_NONNULL = YES;
				CLANG_ANALYZER_NUMBER_OBJECT_CONVERSION = YES_AGGRESSIVE;
				CLANG_CXX_LANGUAGE_STANDARD = "gnu++17";
				CLANG_ENABLE_MODULES = YES;
				CLANG_ENABLE_OBJC_ARC = YES;
				CLANG_ENABLE_OBJC_WEAK = YES;
				CLANG_WARN_BLOCK_CAPTURE_AUTORELEASING = YES;
				CLANG_WARN_BOOL_CONVERSION = YES;
				CLANG_WARN_COMMA = YES;
				CLANG_WARN_CONSTANT_CONVERSION = YES;
				CLANG_WARN_DEPRECATED_OBJC_IMPLEMENTATIONS = YES;
				CLANG_WARN_DIRECT_OBJC_ISA_USAGE = YES_ERROR;
				CLANG_WARN_DOCUMENTATION_COMMENTS = YES;
				CLANG_WARN_EMPTY_BODY = YES;
				CLANG_WARN_ENUM_CONVERSION = YES;
				CLANG_WARN_INFINITE_RECURSION = YES;
				CLANG_WARN_INT_CONVERSION = YES;
				CLANG_WARN_NON_LITERAL_NULL_CONVERSION = YES;
				CLANG_WARN_OBJC_IMPLICIT_RETAIN_SELF = YES;
				CLANG_WARN_OBJC_LITERAL_CONVERSION = YES;
				CLANG_WARN_OBJC_ROOT_CLASS = YES_ERROR;
				CLANG_WARN_QUOTED_INCLUDE_IN_FRAMEWORK_HEADER = YES;
				CLANG_WARN_RANGE_LOOP_ANALYSIS = YES;
				CLANG_WARN_STRICT_PROTOTYPES = YES;
				CLANG_WARN_SUSPICIOUS_MOVE = YES;
				CLANG_WARN_UNGUARDED_AVAILABILITY = YES_AGGRESSIVE;
				CLANG_WARN_UNREACHABLE_CODE = YES;
				CLANG_WARN__DUPLICATE_METHOD_MATCH = YES;
				COPY_PHASE_STRIP = NO;
				DEBUG_INFORMATION_FORMAT = dwarf;
				ENABLE_STRICT_OBJC_MSGSEND = YES;
				ENABLE_TESTABILITY = YES;
				GCC_C_LANGUAGE_STANDARD = gnu11;
				GCC_DYNAMIC_NO_PIC = NO;
				GCC_NO_COMMON_BLOCKS = YES;
				GCC_OPTIMIZATION_LEVEL = 0;
				GCC_PREPROCESSOR_DEFINITIONS = (
					"DEBUG=1",
					"$(inherited)",
				);
				GCC_WARN_64_TO_32_BIT_CONVERSION = YES;
				GCC_WARN_ABOUT_RETURN_TYPE = YES_ERROR;
				GCC_WARN_UNDECLARED_SELECTOR = YES;
				GCC_WARN_UNINITIALIZED_AUTOS = YES_AGGRESSIVE;
				GCC_WARN_UNUSED_FUNCTION = YES;
				GCC_WARN_UNUSED_VARIABLE = YES;
				IPHONEOS_DEPLOYMENT_TARGET = 15.6;
				MTL_ENABLE_DEBUG_INFO = INCLUDE_SOURCE;
				MTL_FAST_MATH = YES;
				ONLY_ACTIVE_ARCH = YES;
				SDKROOT = iphoneos;
				SWIFT_ACTIVE_COMPILATION_CONDITIONS = DEBUG;
				SWIFT_OPTIMIZATION_LEVEL = "-Onone";
			};
			name = Debug;
		};
		CC70963A2845CBA200C696D7 /* Release */ = {
			isa = XCBuildConfiguration;
			buildSettings = {
				ALWAYS_SEARCH_USER_PATHS = NO;
				CLANG_ANALYZER_NONNULL = YES;
				CLANG_ANALYZER_NUMBER_OBJECT_CONVERSION = YES_AGGRESSIVE;
				CLANG_CXX_LANGUAGE_STANDARD = "gnu++17";
				CLANG_ENABLE_MODULES = YES;
				CLANG_ENABLE_OBJC_ARC = YES;
				CLANG_ENABLE_OBJC_WEAK = YES;
				CLANG_WARN_BLOCK_CAPTURE_AUTORELEASING = YES;
				CLANG_WARN_BOOL_CONVERSION = YES;
				CLANG_WARN_COMMA = YES;
				CLANG_WARN_CONSTANT_CONVERSION = YES;
				CLANG_WARN_DEPRECATED_OBJC_IMPLEMENTATIONS = YES;
				CLANG_WARN_DIRECT_OBJC_ISA_USAGE = YES_ERROR;
				CLANG_WARN_DOCUMENTATION_COMMENTS = YES;
				CLANG_WARN_EMPTY_BODY = YES;
				CLANG_WARN_ENUM_CONVERSION = YES;
				CLANG_WARN_INFINITE_RECURSION = YES;
				CLANG_WARN_INT_CONVERSION = YES;
				CLANG_WARN_NON_LITERAL_NULL_CONVERSION = YES;
				CLANG_WARN_OBJC_IMPLICIT_RETAIN_SELF = YES;
				CLANG_WARN_OBJC_LITERAL_CONVERSION = YES;
				CLANG_WARN_OBJC_ROOT_CLASS = YES_ERROR;
				CLANG_WARN_QUOTED_INCLUDE_IN_FRAMEWORK_HEADER = YES;
				CLANG_WARN_RANGE_LOOP_ANALYSIS = YES;
				CLANG_WARN_STRICT_PROTOTYPES = YES;
				CLANG_WARN_SUSPICIOUS_MOVE = YES;
				CLANG_WARN_UNGUARDED_AVAILABILITY = YES_AGGRESSIVE;
				CLANG_WARN_UNREACHABLE_CODE = YES;
				CLANG_WARN__DUPLICATE_METHOD_MATCH = YES;
				COPY_PHASE_STRIP = NO;
				DEBUG_INFORMATION_FORMAT = "dwarf-with-dsym";
				ENABLE_NS_ASSERTIONS = NO;
				ENABLE_STRICT_OBJC_MSGSEND = YES;
				GCC_C_LANGUAGE_STANDARD = gnu11;
				GCC_NO_COMMON_BLOCKS = YES;
				GCC_WARN_64_TO_32_BIT_CONVERSION = YES;
				GCC_WARN_ABOUT_RETURN_TYPE = YES_ERROR;
				GCC_WARN_UNDECLARED_SELECTOR = YES;
				GCC_WARN_UNINITIALIZED_AUTOS = YES_AGGRESSIVE;
				GCC_WARN_UNUSED_FUNCTION = YES;
				GCC_WARN_UNUSED_VARIABLE = YES;
				IPHONEOS_DEPLOYMENT_TARGET = 15.6;
				MTL_ENABLE_DEBUG_INFO = NO;
				MTL_FAST_MATH = YES;
				SDKROOT = iphoneos;
				SWIFT_COMPILATION_MODE = wholemodule;
				SWIFT_OPTIMIZATION_LEVEL = "-O";
				VALIDATE_PRODUCT = YES;
			};
			name = Release;
		};
		CC70963C2845CBA200C696D7 /* Debug */ = {
			isa = XCBuildConfiguration;
			buildSettings = {
				ASSETCATALOG_COMPILER_APPICON_NAME = AppIcon;
				ASSETCATALOG_COMPILER_GLOBAL_ACCENT_COLOR_NAME = AccentColor;
				CODE_SIGN_STYLE = Automatic;
				CURRENT_PROJECT_VERSION = 1;
				DEVELOPMENT_TEAM = VP4GBKDNYR;
				GENERATE_INFOPLIST_FILE = YES;
				INFOPLIST_FILE = Foodie/Info.plist;
				INFOPLIST_KEY_NSCameraUsageDescription = "You need to grant the app access to your camera in order to  take photos.";
				INFOPLIST_KEY_NSPhotoLibraryUsageDescription = "You need to grant the app access to your photo library so you can pick your favorite restaurant photo.";
				INFOPLIST_KEY_UIApplicationSupportsIndirectInputEvents = YES;
				INFOPLIST_KEY_UILaunchStoryboardName = LaunchScreen;
				INFOPLIST_KEY_UIMainStoryboardFile = Main;
				INFOPLIST_KEY_UISupportedInterfaceOrientations_iPad = "UIInterfaceOrientationPortrait UIInterfaceOrientationPortraitUpsideDown UIInterfaceOrientationLandscapeLeft UIInterfaceOrientationLandscapeRight";
				INFOPLIST_KEY_UISupportedInterfaceOrientations_iPhone = "UIInterfaceOrientationPortrait UIInterfaceOrientationLandscapeLeft UIInterfaceOrientationLandscapeRight";
				LD_RUNPATH_SEARCH_PATHS = (
					"$(inherited)",
					"@executable_path/Frameworks",
				);
				MARKETING_VERSION = 1.0;
				PRODUCT_BUNDLE_IDENTIFIER = KikiWang.Foodie;
				PRODUCT_NAME = "$(TARGET_NAME)";
				SWIFT_EMIT_LOC_STRINGS = YES;
				SWIFT_VERSION = 5.0;
				TARGETED_DEVICE_FAMILY = "1,2";
			};
			name = Debug;
		};
		CC70963D2845CBA200C696D7 /* Release */ = {
			isa = XCBuildConfiguration;
			buildSettings = {
				ASSETCATALOG_COMPILER_APPICON_NAME = AppIcon;
				ASSETCATALOG_COMPILER_GLOBAL_ACCENT_COLOR_NAME = AccentColor;
				CODE_SIGN_STYLE = Automatic;
				CURRENT_PROJECT_VERSION = 1;
				DEVELOPMENT_TEAM = VP4GBKDNYR;
				GENERATE_INFOPLIST_FILE = YES;
				INFOPLIST_FILE = Foodie/Info.plist;
				INFOPLIST_KEY_NSCameraUsageDescription = "You need to grant the app access to your camera in order to  take photos.";
				INFOPLIST_KEY_NSPhotoLibraryUsageDescription = "You need to grant the app access to your photo library so you can pick your favorite restaurant photo.";
				INFOPLIST_KEY_UIApplicationSupportsIndirectInputEvents = YES;
				INFOPLIST_KEY_UILaunchStoryboardName = LaunchScreen;
				INFOPLIST_KEY_UIMainStoryboardFile = Main;
				INFOPLIST_KEY_UISupportedInterfaceOrientations_iPad = "UIInterfaceOrientationPortrait UIInterfaceOrientationPortraitUpsideDown UIInterfaceOrientationLandscapeLeft UIInterfaceOrientationLandscapeRight";
				INFOPLIST_KEY_UISupportedInterfaceOrientations_iPhone = "UIInterfaceOrientationPortrait UIInterfaceOrientationLandscapeLeft UIInterfaceOrientationLandscapeRight";
				LD_RUNPATH_SEARCH_PATHS = (
					"$(inherited)",
					"@executable_path/Frameworks",
				);
				MARKETING_VERSION = 1.0;
				PRODUCT_BUNDLE_IDENTIFIER = KikiWang.Foodie;
				PRODUCT_NAME = "$(TARGET_NAME)";
				SWIFT_EMIT_LOC_STRINGS = YES;
				SWIFT_VERSION = 5.0;
				TARGETED_DEVICE_FAMILY = "1,2";
			};
			name = Release;
		};
/* End XCBuildConfiguration section */

/* Begin XCConfigurationList section */
		CC7096222845CB9E00C696D7 /* Build configuration list for PBXProject "Foodie" */ = {
			isa = XCConfigurationList;
			buildConfigurations = (
				CC7096392845CBA200C696D7 /* Debug */,
				CC70963A2845CBA200C696D7 /* Release */,
			);
			defaultConfigurationIsVisible = 0;
			defaultConfigurationName = Release;
		};
		CC70963B2845CBA200C696D7 /* Build configuration list for PBXNativeTarget "Foodie" */ = {
			isa = XCConfigurationList;
			buildConfigurations = (
				CC70963C2845CBA200C696D7 /* Debug */,
				CC70963D2845CBA200C696D7 /* Release */,
			);
			defaultConfigurationIsVisible = 0;
			defaultConfigurationName = Release;
		};
/* End XCConfigurationList section */

/* Begin XCVersionGroup section */
		CCF91A8E287D2B60003BE75D /* Foodie.xcdatamodeld */ = {
			isa = XCVersionGroup;
			children = (
				CCF91A8F287D2B60003BE75D /* Foodie.xcdatamodel */,
			);
			currentVersion = CCF91A8F287D2B60003BE75D /* Foodie.xcdatamodel */;
			path = Foodie.xcdatamodeld;
			sourceTree = SOURCE_ROOT;
			versionGroupType = wrapper.xcdatamodel;
		};
/* End XCVersionGroup section */
	};
	rootObject = CC70961F2845CB9E00C696D7 /* Project object */;
}
